
Microsoft Visual Studio Solution File, Format Version 12.00
# Visual Studio 15
VisualStudioVersion = 15.0.27703.2035
MinimumVisualStudioVersion = 10.0.40219.1
Project("{FAE04EC0-301F-11D3-BF4B-00C04F79EFBC}") = "No.Added.Parser", "No.Added.Parser\No.Added.Parser.csproj", "{C8C8077E-574D-4DCF-B20E-AFFE3D626831}"
EndProject
Project("{FAE04EC0-301F-11D3-BF4B-00C04F79EFBC}") = "No.Added.Parser.OData", "No.Added.Parser.OData\No.Added.Parser.OData.csproj", "{55D36FB6-3F22-41AB-A1ED-BB795246868F}"
EndProject
Global
	GlobalSection(SolutionConfigurationPlatforms) = preSolution
		Debug|Any CPU = Debug|Any CPU
		Release|Any CPU = Release|Any CPU
	EndGlobalSection
	GlobalSection(ProjectConfigurationPlatforms) = postSolution
		{C8C8077E-574D-4DCF-B20E-AFFE3D626831}.Debug|Any CPU.ActiveCfg = Debug|Any CPU
		{C8C8077E-574D-4DCF-B20E-AFFE3D626831}.Debug|Any CPU.Build.0 = Debug|Any CPU
		{C8C8077E-574D-4DCF-B20E-AFFE3D626831}.Release|Any CPU.ActiveCfg = Release|Any CPU
		{C8C8077E-574D-4DCF-B20E-AFFE3D626831}.Release|Any CPU.Build.0 = Release|Any CPU
		{55D36FB6-3F22-41AB-A1ED-BB795246868F}.Debug|Any CPU.ActiveCfg = Debug|Any CPU
		{55D36FB6-3F22-41AB-A1ED-BB795246868F}.Debug|Any CPU.Build.0 = Debug|Any CPU
		{55D36FB6-3F22-41AB-A1ED-BB795246868F}.Release|Any CPU.ActiveCfg = Release|Any CPU
		{55D36FB6-3F22-41AB-A1ED-BB795246868F}.Release|Any CPU.Build.0 = Release|Any CPU
	EndGlobalSection
	GlobalSection(SolutionProperties) = preSolution
		HideSolutionNode = FALSE
	EndGlobalSection
	GlobalSection(ExtensibilityGlobals) = postSolution
		SolutionGuid = {E8AF8C12-939F-4D9C-8DB3-F912F23EBCDF}
	EndGlobalSection
EndGlobal
